
Microsoft Visual Studio Solution File, Format Version 12.00
# Visual Studio 2012
Project("{FAE04EC0-301F-11D3-BF4B-00C04F79EFBC}") = "MASSemanticWeb", "MASSemanticWeb\MASSemanticWeb.csproj", "{C5C27F5D-FA51-47F0-AF1B-DF5C3212041F}"
EndProject
Project("{FAE04EC0-301F-11D3-BF4B-00C04F79EFBC}") = "SemanticShell", "SemanticShell\SemanticShell.csproj", "{E439405C-61E9-4572-AF0C-A5208865AB39}"
EndProject
Global
	GlobalSection(SolutionConfigurationPlatforms) = preSolution
		Debug|Any CPU = Debug|Any CPU
		Release|Any CPU = Release|Any CPU
	EndGlobalSection
	GlobalSection(ProjectConfigurationPlatforms) = postSolution
		{C5C27F5D-FA51-47F0-AF1B-DF5C3212041F}.Debug|Any CPU.ActiveCfg = Debug|Any CPU
		{C5C27F5D-FA51-47F0-AF1B-DF5C3212041F}.Debug|Any CPU.Build.0 = Debug|Any CPU
		{C5C27F5D-FA51-47F0-AF1B-DF5C3212041F}.Release|Any CPU.ActiveCfg = Release|Any CPU
		{C5C27F5D-FA51-47F0-AF1B-DF5C3212041F}.Release|Any CPU.Build.0 = Release|Any CPU
		{E439405C-61E9-4572-AF0C-A5208865AB39}.Debug|Any CPU.ActiveCfg = Debug|Any CPU
		{E439405C-61E9-4572-AF0C-A5208865AB39}.Debug|Any CPU.Build.0 = Debug|Any CPU
		{E439405C-61E9-4572-AF0C-A5208865AB39}.Release|Any CPU.ActiveCfg = Release|Any CPU
		{E439405C-61E9-4572-AF0C-A5208865AB39}.Release|Any CPU.Build.0 = Release|Any CPU
	EndGlobalSection
	GlobalSection(SolutionProperties) = preSolution
		HideSolutionNode = FALSE
	EndGlobalSection
EndGlobal
